// !$*UTF8*$!
{
	archiveVersion = 1;
	classes = {
	};
	objectVersion = 110;
	objects = {

/* Begin PBXFileReference section */
		4B52A4013061870000F8C8D5 /* YoteiFlowIntents.appex */ = {isa = PBXFileReference; explicitFileType = "wrapper.extensionkit-extension"; includeInIndex = 0; path = YoteiFlowIntents.appex; sourceTree = BUILT_PRODUCTS_DIR; };
		4B52A1F13061842200F8C8D5 /* YoteiFlow.app */ = {isa = PBXFileReference; explicitFileType = wrapper.application; includeInIndex = 0; path = YoteiFlow.app; sourceTree = BUILT_PRODUCTS_DIR; };
		4B52A2013061850000F8C8D5 /* YoteiFlowWidget.appex */ = {isa = PBXFileReference; explicitFileType = "wrapper.app-extension"; includeInIndex = 0; path = YoteiFlowWidget.appex; sourceTree = BUILT_PRODUCTS_DIR; };
		4B52A2203061860000F8C8D5 /* YoteiFlowShare.appex */ = {isa = PBXFileReference; explicitFileType = "wrapper.app-extension"; includeInIndex = 0; path = YoteiFlowShare.appex; sourceTree = BUILT_PRODUCTS_DIR; };
/* End PBXFileReference section */

/* Begin PBXBuildFile section */
		4B52A4023061870000F8C8D5 /* YoteiFlowIntents.appex in Embed ExtensionKit Extensions */ = {isa = PBXBuildFile; fileRef = 4B52A4013061870000F8C8D5 /* YoteiFlowIntents.appex */; settings = {ATTRIBUTES = (RemoveHeadersOnCopy, ); }; };
		4B52A2113061850000F8C8D5 /* YoteiFlowWidget.appex in Embed Foundation Extensions */ = {isa = PBXBuildFile; fileRef = 4B52A2013061850000F8C8D5 /* YoteiFlowWidget.appex */; settings = {ATTRIBUTES = (RemoveHeadersOnCopy, ); }; };
		4B52A2213061860000F8C8D5 /* YoteiFlowShare.appex in Embed Foundation Extensions */ = {isa = PBXBuildFile; fileRef = 4B52A2203061860000F8C8D5 /* YoteiFlowShare.appex */; settings = {ATTRIBUTES = (RemoveHeadersOnCopy, ); }; };
/* End PBXBuildFile section */

/* Begin PBXContainerItemProxy section */
		4B52A4033061870000F8C8D5 /* PBXContainerItemProxy */ = {
			isa = PBXContainerItemProxy;
			containerPortal = 4B52A1E93061842200F8C8D5 /* Project object */;
			proxyType = 1;
			remoteGlobalIDString = 4B52A4093061870000F8C8D5;
			remoteInfo = YoteiFlowIntents;
		};
		4B52A2123061850000F8C8D5 /* PBXContainerItemProxy */ = {
			isa = PBXContainerItemProxy;
			containerPortal = 4B52A1E93061842200F8C8D5 /* Project object */;
			proxyType = 1;
			remoteGlobalIDString = 4B52A1FF3061850000F8C8D5;
			remoteInfo = YoteiFlowWidget;
		};
		4B52A2223061860000F8C8D5 /* PBXContainerItemProxy */ = {
			isa = PBXContainerItemProxy;
			containerPortal = 4B52A1E93061842200F8C8D5 /* Project object */;
			proxyType = 1;
			remoteGlobalIDString = 4B52A21F3061860000F8C8D5;
			remoteInfo = YoteiFlowShare;
		};
/* End PBXContainerItemProxy section */

/* Begin PBXCopyFilesBuildPhase section */
		4B52A4043061870000F8C8D5 /* Embed ExtensionKit Extensions */ = {
			isa = PBXCopyFilesBuildPhase;
			buildActionMask = 2147483647;
			dstPath = "$(EXTENSIONS_FOLDER_PATH)";
			dstSubfolderSpec = 16;
			files = (
				4B52A4023061870000F8C8D5 /* YoteiFlowIntents.appex in Embed ExtensionKit Extensions */,
			);
			name = "Embed ExtensionKit Extensions";
			runOnlyForDeploymentPostprocessing = 0;
		};
		4B52A2103061850000F8C8D5 /* Embed Foundation Extensions */ = {
			isa = PBXCopyFilesBuildPhase;
			buildActionMask = 2147483647;
			dstPath = "";
			dstSubfolderSpec = 13;
			files = (
				4B52A2113061850000F8C8D5 /* YoteiFlowWidget.appex in Embed Foundation Extensions */,
				4B52A2213061860000F8C8D5 /* YoteiFlowShare.appex in Embed Foundation Extensions */,
			);
			name = "Embed Foundation Extensions";
			runOnlyForDeploymentPostprocessing = 0;
		};
/* End PBXCopyFilesBuildPhase section */

/* Begin PBXFileSystemSynchronizedRootGroup section */
		4B52A4053061870000F8C8D5 /* YoteiFlowIntents */ = {
			isa = PBXFileSystemSynchronizedRootGroup;
			path = YoteiFlowIntents;
			sourceTree = "<group>";
		};
		4B52A1F33061842200F8C8D5 /* YoteiFlow */ = {
			isa = PBXFileSystemSynchronizedRootGroup;
			path = YoteiFlow;
			sourceTree = "<group>";
		};
		4B52A2033061850000F8C8D5 /* YoteiFlowWidget */ = {
			isa = PBXFileSystemSynchronizedRootGroup;
			path = YoteiFlowWidget;
			sourceTree = "<group>";
		};
		4B52A2043061850000F8C8D5 /* Shared */ = {
			isa = PBXFileSystemSynchronizedRootGroup;
			path = Shared;
			sourceTree = "<group>";
		};
		4B52A2233061860000F8C8D5 /* YoteiFlowShare */ = {
			isa = PBXFileSystemSynchronizedRootGroup;
			path = YoteiFlowShare;
			sourceTree = "<group>";
		};
/* End PBXFileSystemSynchronizedRootGroup section */

/* Begin PBXFrameworksBuildPhase section */
		4B52A4063061870000F8C8D5 /* Frameworks */ = {
			isa = PBXFrameworksBuildPhase;
			buildActionMask = 2147483647;
			files = (
			);
			runOnlyForDeploymentPostprocessing = 0;
		};
		4B52A1EE3061842200F8C8D5 /* Frameworks */ = {
			isa = PBXFrameworksBuildPhase;
			buildActionMask = 2147483647;
			files = (
			);
			runOnlyForDeploymentPostprocessing = 0;
		};
		4B52A2063061850000F8C8D5 /* Frameworks */ = {
			isa = PBXFrameworksBuildPhase;
			buildActionMask = 2147483647;
			files = (
			);
			runOnlyForDeploymentPostprocessing = 0;
		};
		4B52A2243061860000F8C8D5 /* Frameworks */ = {
			isa = PBXFrameworksBuildPhase;
			buildActionMask = 2147483647;
			files = (
			);
			runOnlyForDeploymentPostprocessing = 0;
		};
/* End PBXFrameworksBuildPhase section */

/* Begin PBXGroup section */
		4B52A1E83061842200F8C8D5 = {
			isa = PBXGroup;
			children = (
				4B52A1F33061842200F8C8D5 /* YoteiFlow */,
				4B52A2033061850000F8C8D5 /* YoteiFlowWidget */,
				4B52A2043061850000F8C8D5 /* Shared */,
				4B52A2233061860000F8C8D5 /* YoteiFlowShare */,
				4B52A4053061870000F8C8D5 /* YoteiFlowIntents */,
				4B52A1F23061842200F8C8D5 /* Products */,
			);
			sourceTree = "<group>";
		};
		4B52A1F23061842200F8C8D5 /* Products */ = {
			isa = PBXGroup;
			children = (
				4B52A1F13061842200F8C8D5 /* YoteiFlow.app */,
				4B52A2013061850000F8C8D5 /* YoteiFlowWidget.appex */,
				4B52A2203061860000F8C8D5 /* YoteiFlowShare.appex */,
				4B52A4013061870000F8C8D5 /* YoteiFlowIntents.appex */,
			);
			name = Products;
			sourceTree = "<group>";
		};
/* End PBXGroup section */

/* Begin PBXNativeTarget section */
		4B52A4093061870000F8C8D5 /* YoteiFlowIntents */ = {
			isa = PBXNativeTarget;
			buildConfigurationList = 4B52A4133061870000F8C8D5 /* Build configuration list for PBXNativeTarget "YoteiFlowIntents" */;
			buildPhases = (
				4B52A4073061870000F8C8D5 /* Sources */,
				4B52A4063061870000F8C8D5 /* Frameworks */,
				4B52A4083061870000F8C8D5 /* Resources */,
			);
			buildRules = (
			);
			dependencies = (
			);
			fileSystemSynchronizedGroups = (
				4B52A4053061870000F8C8D5 /* YoteiFlowIntents */,
				4B52A2043061850000F8C8D5 /* Shared */,
			);
			name = YoteiFlowIntents;
			productName = YoteiFlowIntents;
			productReference = 4B52A4013061870000F8C8D5 /* YoteiFlowIntents.appex */;
			productType = "com.apple.product-type.extensionkit-extension";
		};
		4B52A1F03061842200F8C8D5 /* YoteiFlow */ = {
			isa = PBXNativeTarget;
			buildConfigurationList = 4B52A1FC3061842300F8C8D5 /* Build configuration list for PBXNativeTarget "YoteiFlow" */;
			buildPhases = (
				4B52A1ED3061842200F8C8D5 /* Sources */,
				4B52A1EE3061842200F8C8D5 /* Frameworks */,
				4B52A1EF3061842200F8C8D5 /* Resources */,
				4B52A2103061850000F8C8D5 /* Embed Foundation Extensions */,
				4B52A4043061870000F8C8D5 /* Embed ExtensionKit Extensions */,
			);
			buildRules = (
			);
			dependencies = (
				4B52A2143061850000F8C8D5 /* PBXTargetDependency */,
				4B52A2253061860000F8C8D5 /* PBXTargetDependency */,
				4B52A4103061870000F8C8D5 /* PBXTargetDependency */,
			);
			fileSystemSynchronizedGroups = (
				4B52A1F33061842200F8C8D5 /* YoteiFlow */,
				4B52A2043061850000F8C8D5 /* Shared */,
			);
			name = YoteiFlow;
			productName = YoteiFlow;
			productReference = 4B52A1F13061842200F8C8D5 /* YoteiFlow.app */;
			productType = "com.apple.product-type.application";
		};
		4B52A1FF3061850000F8C8D5 /* YoteiFlowWidget */ = {
			isa = PBXNativeTarget;
			buildConfigurationList = 4B52A2093061850000F8C8D5 /* Build configuration list for PBXNativeTarget "YoteiFlowWidget" */;
			buildPhases = (
				4B52A2053061850000F8C8D5 /* Sources */,
				4B52A2063061850000F8C8D5 /* Frameworks */,
				4B52A2073061850000F8C8D5 /* Resources */,
			);
			buildRules = (
			);
			dependencies = (
			);
			fileSystemSynchronizedGroups = (
				4B52A2033061850000F8C8D5 /* YoteiFlowWidget */,
				4B52A2043061850000F8C8D5 /* Shared */,
			);
			name = YoteiFlowWidget;
			productName = YoteiFlowWidget;
			productReference = 4B52A2013061850000F8C8D5 /* YoteiFlowWidget.appex */;
			productType = "com.apple.product-type.app-extension";
		};
		4B52A21F3061860000F8C8D5 /* YoteiFlowShare */ = {
			isa = PBXNativeTarget;
			buildConfigurationList = 4B52A2293061860000F8C8D5 /* Build configuration list for PBXNativeTarget "YoteiFlowShare" */;
			buildPhases = (
				4B52A2263061860000F8C8D5 /* Sources */,
				4B52A2243061860000F8C8D5 /* Frameworks */,
				4B52A2273061860000F8C8D5 /* Resources */,
			);
			buildRules = (
			);
			dependencies = (
			);
			fileSystemSynchronizedGroups = (
				4B52A2233061860000F8C8D5 /* YoteiFlowShare */,
				4B52A2043061850000F8C8D5 /* Shared */,
			);
			name = YoteiFlowShare;
			productName = YoteiFlowShare;
			productReference = 4B52A2203061860000F8C8D5 /* YoteiFlowShare.appex */;
			productType = "com.apple.product-type.app-extension";
		};
/* End PBXNativeTarget section */

/* Begin PBXProject section */
		4B52A1E93061842200F8C8D5 /* Project object */ = {
			isa = PBXProject;
			attributes = {
				BuildIndependentTargetsInParallel = 1;
				LastSwiftUpdateCheck = 2700;
				LastUpgradeCheck = 2700;
				TargetAttributes = {
					4B52A1F03061842200F8C8D5 = {
						CreatedOnToolsVersion = 27.0;
					};
					4B52A1FF3061850000F8C8D5 = {
						CreatedOnToolsVersion = 27.0;
					};
					4B52A21F3061860000F8C8D5 = {
						CreatedOnToolsVersion = 27.0;
					};
					4B52A4093061870000F8C8D5 = {
						CreatedOnToolsVersion = 27.0;
					};
				};
			};
			buildConfigurationList = 4B52A1EC3061842200F8C8D5 /* Build configuration list for PBXProject "YoteiFlow" */;
			developmentRegion = en;
			hasScannedForEncodings = 0;
			knownRegions = (
				en,
				Base,
			);
			mainGroup = 4B52A1E83061842200F8C8D5;
			minimizedProjectReferenceProxies = 1;
			preferredProjectObjectVersion = 77;
			productRefGroup = 4B52A1F23061842200F8C8D5 /* Products */;
			projectDirPath = "";
			projectRoot = "";
			targets = (
				4B52A1F03061842200F8C8D5 /* YoteiFlow */,
				4B52A1FF3061850000F8C8D5 /* YoteiFlowWidget */,
				4B52A21F3061860000F8C8D5 /* YoteiFlowShare */,
				4B52A4093061870000F8C8D5 /* YoteiFlowIntents */,
			);
		};
/* End PBXProject section */

/* Begin PBXResourcesBuildPhase section */
		4B52A4083061870000F8C8D5 /* Resources */ = {
			isa = PBXResourcesBuildPhase;
			buildActionMask = 2147483647;
			files = (
			);
			runOnlyForDeploymentPostprocessing = 0;
		};
		4B52A1EF3061842200F8C8D5 /* Resources */ = {
			isa = PBXResourcesBuildPhase;
			buildActionMask = 2147483647;
			files = (
			);
			runOnlyForDeploymentPostprocessing = 0;
		};
		4B52A2073061850000F8C8D5 /* Resources */ = {
			isa = PBXResourcesBuildPhase;
			buildActionMask = 2147483647;
			files = (
			);
			runOnlyForDeploymentPostprocessing = 0;
		};
		4B52A2273061860000F8C8D5 /* Resources */ = {
			isa = PBXResourcesBuildPhase;
			buildActionMask = 2147483647;
			files = (
			);
			runOnlyForDeploymentPostprocessing = 0;
		};
/* End PBXResourcesBuildPhase section */

/* Begin PBXSourcesBuildPhase section */
		4B52A4073061870000F8C8D5 /* Sources */ = {
			isa = PBXSourcesBuildPhase;
			buildActionMask = 2147483647;
			files = (
			);
			runOnlyForDeploymentPostprocessing = 0;
		};
		4B52A1ED3061842200F8C8D5 /* Sources */ = {
			isa = PBXSourcesBuildPhase;
			buildActionMask = 2147483647;
			files = (
			);
			runOnlyForDeploymentPostprocessing = 0;
		};
		4B52A2053061850000F8C8D5 /* Sources */ = {
			isa = PBXSourcesBuildPhase;
			buildActionMask = 2147483647;
			files = (
			);
			runOnlyForDeploymentPostprocessing = 0;
		};
		4B52A2263061860000F8C8D5 /* Sources */ = {
			isa = PBXSourcesBuildPhase;
			buildActionMask = 2147483647;
			files = (
			);
			runOnlyForDeploymentPostprocessing = 0;
		};
/* End PBXSourcesBuildPhase section */

/* Begin PBXTargetDependency section */
		4B52A4103061870000F8C8D5 /* PBXTargetDependency */ = {
			isa = PBXTargetDependency;
			target = 4B52A4093061870000F8C8D5 /* YoteiFlowIntents */;
			targetProxy = 4B52A4033061870000F8C8D5 /* PBXContainerItemProxy */;
		};
		4B52A2143061850000F8C8D5 /* PBXTargetDependency */ = {
			isa = PBXTargetDependency;
			target = 4B52A1FF3061850000F8C8D5 /* YoteiFlowWidget */;
			targetProxy = 4B52A2123061850000F8C8D5 /* PBXContainerItemProxy */;
		};
		4B52A2253061860000F8C8D5 /* PBXTargetDependency */ = {
			isa = PBXTargetDependency;
			target = 4B52A21F3061860000F8C8D5 /* YoteiFlowShare */;
			targetProxy = 4B52A2223061860000F8C8D5 /* PBXContainerItemProxy */;
		};
/* End PBXTargetDependency section */

/* Begin XCBuildConfiguration section */
		4B52A4113061870000F8C8D5 /* Debug configuration for PBXNativeTarget "YoteiFlowIntents" */ = {
			isa = XCBuildConfiguration;
			buildSettings = {
				CODE_SIGN_ENTITLEMENTS = Config/YoteiFlowIntents.entitlements;
				CODE_SIGN_STYLE = Automatic;
				CURRENT_PROJECT_VERSION = 1;
				DEVELOPMENT_TEAM = 6AA3WFTR94;
				GENERATE_INFOPLIST_FILE = YES;
				INFOPLIST_FILE = "Config/YoteiFlowIntents-Info.plist";
				INFOPLIST_KEY_CFBundleDisplayName = YoteiFlow;
				INFOPLIST_KEY_NSHumanReadableCopyright = "";
				LD_RUNPATH_SEARCH_PATHS = (
					"$(inherited)",
					"@executable_path/Frameworks",
					"@executable_path/../../Frameworks",
				);
				MARKETING_VERSION = 4.15.0;
				PRODUCT_BUNDLE_IDENTIFIER = com.gucchii.yoteiflow.intents;
				PRODUCT_NAME = "$(TARGET_NAME)";
				SKIP_INSTALL = YES;
				SWIFT_EMIT_LOC_STRINGS = YES;
				SWIFT_VERSION = 5.0;
				TARGETED_DEVICE_FAMILY = "1,2";
			};
			name = Debug;
		};
		4B52A4123061870000F8C8D5 /* Release configuration for PBXNativeTarget "YoteiFlowIntents" */ = {
			isa = XCBuildConfiguration;
			buildSettings = {
				CODE_SIGN_ENTITLEMENTS = Config/YoteiFlowIntents.entitlements;
				CODE_SIGN_STYLE = Automatic;
				CURRENT_PROJECT_VERSION = 1;
				DEVELOPMENT_TEAM = 6AA3WFTR94;
				GENERATE_INFOPLIST_FILE = YES;
				INFOPLIST_FILE = "Config/YoteiFlowIntents-Info.plist";
				INFOPLIST_KEY_CFBundleDisplayName = YoteiFlow;
				INFOPLIST_KEY_NSHumanReadableCopyright = "";
				LD_RUNPATH_SEARCH_PATHS = (
					"$(inherited)",
					"@executable_path/Frameworks",
					"@executable_path/../../Frameworks",
				);
				MARKETING_VERSION = 4.15.0;
				PRODUCT_BUNDLE_IDENTIFIER = com.gucchii.yoteiflow.intents;
				PRODUCT_NAME = "$(TARGET_NAME)";
				SKIP_INSTALL = YES;
				SWIFT_EMIT_LOC_STRINGS = YES;
				SWIFT_VERSION = 5.0;
				TARGETED_DEVICE_FAMILY = "1,2";
			};
			name = Release;
		};
		4B52A1FA3061842300F8C8D5 /* Debug configuration for PBXProject "YoteiFlow" */ = {
			isa = XCBuildConfiguration;
			buildSettings = {
				ALWAYS_SEARCH_USER_PATHS = NO;
				ASSETCATALOG_COMPILER_GENERATE_SWIFT_ASSET_SYMBOL_EXTENSIONS = YES;
				CLANG_ANALYZER_NONNULL = YES;
				CLANG_ANALYZER_NUMBER_OBJECT_CONVERSION = YES_AGGRESSIVE;
				CLANG_CXX_LANGUAGE_STANDARD = "gnu++20";
				CLANG_ENABLE_MODULES = YES;
				CLANG_ENABLE_OBJC_ARC = YES;
				CLANG_ENABLE_OBJC_WEAK = YES;
				CLANG_WARN_BLOCK_CAPTURE_AUTORELEASING = YES;
				CLANG_WARN_BOOL_CONVERSION = YES;
				CLANG_WARN_COMMA = YES;
				CLANG_WARN_CONSTANT_CONVERSION = YES;
				CLANG_WARN_DEPRECATED_OBJC_IMPLEMENTATIONS = YES;
				CLANG_WARN_DIRECT_OBJC_ISA_USAGE = YES_ERROR;
				CLANG_WARN_DOCUMENTATION_COMMENTS = YES;
				CLANG_WARN_EMPTY_BODY = YES;
				CLANG_WARN_ENUM_CONVERSION = YES;
				CLANG_WARN_INFINITE_RECURSION = YES;
				CLANG_WARN_INT_CONVERSION = YES;
				CLANG_WARN_NON_LITERAL_NULL_CONVERSION = YES;
				CLANG_WARN_OBJC_IMPLICIT_RETAIN_SELF = YES;
				CLANG_WARN_OBJC_LITERAL_CONVERSION = YES;
				CLANG_WARN_OBJC_ROOT_CLASS = YES_ERROR;
				CLANG_WARN_QUOTED_INCLUDE_IN_FRAMEWORK_HEADER = YES;
				CLANG_WARN_RANGE_LOOP_ANALYSIS = YES;
				CLANG_WARN_STRICT_PROTOTYPES = YES;
				CLANG_WARN_SUSPICIOUS_MOVE = YES;
				CLANG_WARN_UNGUARDED_AVAILABILITY = YES_AGGRESSIVE;
				CLANG_WARN_UNREACHABLE_CODE = YES;
				CLANG_WARN__DUPLICATE_METHOD_MATCH = YES;
				COPY_PHASE_STRIP = NO;
				DEBUG_INFORMATION_FORMAT = dwarf;
				DEVELOPMENT_TEAM = 6AA3WFTR94;
				ENABLE_STRICT_OBJC_MSGSEND = YES;
				ENABLE_TESTABILITY = YES;
				ENABLE_USER_SCRIPT_SANDBOXING = YES;
				GCC_C_LANGUAGE_STANDARD = gnu17;
				GCC_DYNAMIC_NO_PIC = NO;
				GCC_NO_COMMON_BLOCKS = YES;
				GCC_OPTIMIZATION_LEVEL = 0;
				GCC_PREPROCESSOR_DEFINITIONS = (
					"DEBUG=1",
					"$(inherited)",
				);
				GCC_WARN_64_TO_32_BIT_CONVERSION = YES;
				GCC_WARN_ABOUT_RETURN_TYPE = YES_ERROR;
				GCC_WARN_UNDECLARED_SELECTOR = YES;
				GCC_WARN_UNINITIALIZED_AUTOS = YES_AGGRESSIVE;
				GCC_WARN_UNUSED_FUNCTION = YES;
				GCC_WARN_UNUSED_VARIABLE = YES;
				IPHONEOS_DEPLOYMENT_TARGET = 18.0;
				LOCALIZATION_PREFERS_STRING_CATALOGS = YES;
				MTL_ENABLE_DEBUG_INFO = INCLUDE_SOURCE;
				MTL_FAST_MATH = YES;
				ONLY_ACTIVE_ARCH = YES;
				SDKROOT = iphoneos;
				SWIFT_ACTIVE_COMPILATION_CONDITIONS = "DEBUG $(inherited)";
				SWIFT_OPTIMIZATION_LEVEL = "-Onone";
			};
			name = Debug;
		};
		4B52A1FB3061842300F8C8D5 /* Release configuration for PBXProject "YoteiFlow" */ = {
			isa = XCBuildConfiguration;
			buildSettings = {
				ALWAYS_SEARCH_USER_PATHS = NO;
				ASSETCATALOG_COMPILER_GENERATE_SWIFT_ASSET_SYMBOL_EXTENSIONS = YES;
				CLANG_ANALYZER_NONNULL = YES;
				CLANG_ANALYZER_NUMBER_OBJECT_CONVERSION = YES_AGGRESSIVE;
				CLANG_CXX_LANGUAGE_STANDARD = "gnu++20";
				CLANG_ENABLE_MODULES = YES;
				CLANG_ENABLE_OBJC_ARC = YES;
				CLANG_ENABLE_OBJC_WEAK = YES;
				CLANG_WARN_BLOCK_CAPTURE_AUTORELEASING = YES;
				CLANG_WARN_BOOL_CONVERSION = YES;
				CLANG_WARN_COMMA = YES;
				CLANG_WARN_CONSTANT_CONVERSION = YES;
				CLANG_WARN_DEPRECATED_OBJC_IMPLEMENTATIONS = YES;
				CLANG_WARN_DIRECT_OBJC_ISA_USAGE = YES_ERROR;
				CLANG_WARN_DOCUMENTATION_COMMENTS = YES;
				CLANG_WARN_EMPTY_BODY = YES;
				CLANG_WARN_ENUM_CONVERSION = YES;
				CLANG_WARN_INFINITE_RECURSION = YES;
				CLANG_WARN_INT_CONVERSION = YES;
				CLANG_WARN_NON_LITERAL_NULL_CONVERSION = YES;
				CLANG_WARN_OBJC_IMPLICIT_RETAIN_SELF = YES;
				CLANG_WARN_OBJC_LITERAL_CONVERSION = YES;
				CLANG_WARN_OBJC_ROOT_CLASS = YES_ERROR;
				CLANG_WARN_QUOTED_INCLUDE_IN_FRAMEWORK_HEADER = YES;
				CLANG_WARN_RANGE_LOOP_ANALYSIS = YES;
				CLANG_WARN_STRICT_PROTOTYPES = YES;
				CLANG_WARN_SUSPICIOUS_MOVE = YES;
				CLANG_WARN_UNGUARDED_AVAILABILITY = YES_AGGRESSIVE;
				CLANG_WARN_UNREACHABLE_CODE = YES;
				CLANG_WARN__DUPLICATE_METHOD_MATCH = YES;
				COPY_PHASE_STRIP = NO;
				DEBUG_INFORMATION_FORMAT = "dwarf-with-dsym";
				DEVELOPMENT_TEAM = 6AA3WFTR94;
				ENABLE_NS_ASSERTIONS = NO;
				ENABLE_STRICT_OBJC_MSGSEND = YES;
				ENABLE_USER_SCRIPT_SANDBOXING = YES;
				GCC_C_LANGUAGE_STANDARD = gnu17;
				GCC_NO_COMMON_BLOCKS = YES;
				GCC_WARN_64_TO_32_BIT_CONVERSION = YES;
				GCC_WARN_ABOUT_RETURN_TYPE = YES_ERROR;
				GCC_WARN_UNDECLARED_SELECTOR = YES;
				GCC_WARN_UNINITIALIZED_AUTOS = YES_AGGRESSIVE;
				GCC_WARN_UNUSED_FUNCTION = YES;
				GCC_WARN_UNUSED_VARIABLE = YES;
				IPHONEOS_DEPLOYMENT_TARGET = 18.0;
				LOCALIZATION_PREFERS_STRING_CATALOGS = YES;
				MTL_ENABLE_DEBUG_INFO = NO;
				MTL_FAST_MATH = YES;
				SDKROOT = iphoneos;
				SWIFT_COMPILATION_MODE = wholemodule;
				VALIDATE_PRODUCT = YES;
			};
			name = Release;
		};
		4B52A1FD3061842300F8C8D5 /* Debug configuration for PBXNativeTarget "YoteiFlow" */ = {
			isa = XCBuildConfiguration;
			buildSettings = {
				ASSETCATALOG_COMPILER_APPICON_NAME = AppIcon;
				ASSETCATALOG_COMPILER_GLOBAL_ACCENT_COLOR_NAME = AccentColor;
				CODE_SIGN_ENTITLEMENTS = Config/YoteiFlow.entitlements;
				CODE_SIGN_STYLE = Automatic;
				CURRENT_PROJECT_VERSION = 1;
				DEVELOPMENT_TEAM = 6AA3WFTR94;
				ENABLE_PREVIEWS = YES;
				GENERATE_INFOPLIST_FILE = YES;
				INFOPLIST_FILE = AppInfo.plist;
				INFOPLIST_KEY_CFBundleDisplayName = YoteiFlow;
				INFOPLIST_KEY_ITSAppUsesNonExemptEncryption = NO;
				INFOPLIST_KEY_NSHealthUpdateUsageDescription = "睡眠の記録をヘルスケアへ書き込むために使います。";
				INFOPLIST_KEY_NSHealthShareUsageDescription = "ヘルスケアへ睡眠の記録を書き込む際の許可に使います。YoteiFlowがヘルスケアのデータを読み取ることはありません。";
				INFOPLIST_KEY_LSApplicationCategoryType = "public.app-category.productivity";
				INFOPLIST_KEY_UIApplicationSceneManifest_Generation = YES;
				INFOPLIST_KEY_UIApplicationSupportsIndirectInputEvents = YES;
				INFOPLIST_KEY_UILaunchScreen_Generation = YES;
				INFOPLIST_KEY_UISupportedInterfaceOrientations = UIInterfaceOrientationPortrait;
				INFOPLIST_KEY_UISupportedInterfaceOrientations_iPad = "UIInterfaceOrientationPortrait UIInterfaceOrientationPortraitUpsideDown UIInterfaceOrientationLandscapeLeft UIInterfaceOrientationLandscapeRight";
				INFOPLIST_KEY_UISupportedInterfaceOrientations_iPhone = UIInterfaceOrientationPortrait;
				LD_RUNPATH_SEARCH_PATHS = (
					"$(inherited)",
					"@executable_path/Frameworks",
				);
				MARKETING_VERSION = 4.15.0;
				PRODUCT_BUNDLE_IDENTIFIER = com.gucchii.yoteiflow;
				PRODUCT_NAME = "$(TARGET_NAME)";
				STRING_CATALOG_GENERATE_SYMBOLS = YES;
				SWIFT_APPROACHABLE_CONCURRENCY = YES;
				SWIFT_DEFAULT_ACTOR_ISOLATION = MainActor;
				SWIFT_EMIT_LOC_STRINGS = YES;
				SWIFT_UPCOMING_FEATURE_MEMBER_IMPORT_VISIBILITY = YES;
				SWIFT_VERSION = 5.0;
				TARGETED_DEVICE_FAMILY = "1,2";
			};
			name = Debug;
		};
		4B52A1FE3061842300F8C8D5 /* Release configuration for PBXNativeTarget "YoteiFlow" */ = {
			isa = XCBuildConfiguration;
			buildSettings = {
				ASSETCATALOG_COMPILER_APPICON_NAME = AppIcon;
				ASSETCATALOG_COMPILER_GLOBAL_ACCENT_COLOR_NAME = AccentColor;
				CODE_SIGN_ENTITLEMENTS = Config/YoteiFlow.entitlements;
				CODE_SIGN_STYLE = Automatic;
				CURRENT_PROJECT_VERSION = 1;
				DEVELOPMENT_TEAM = 6AA3WFTR94;
				ENABLE_PREVIEWS = YES;
				GENERATE_INFOPLIST_FILE = YES;
				INFOPLIST_FILE = AppInfo.plist;
				INFOPLIST_KEY_CFBundleDisplayName = YoteiFlow;
				INFOPLIST_KEY_ITSAppUsesNonExemptEncryption = NO;
				INFOPLIST_KEY_NSHealthUpdateUsageDescription = "睡眠の記録をヘルスケアへ書き込むために使います。";
				INFOPLIST_KEY_NSHealthShareUsageDescription = "ヘルスケアへ睡眠の記録を書き込む際の許可に使います。YoteiFlowがヘルスケアのデータを読み取ることはありません。";
				INFOPLIST_KEY_LSApplicationCategoryType = "public.app-category.productivity";
				INFOPLIST_KEY_UIApplicationSceneManifest_Generation = YES;
				INFOPLIST_KEY_UIApplicationSupportsIndirectInputEvents = YES;
				INFOPLIST_KEY_UILaunchScreen_Generation = YES;
				INFOPLIST_KEY_UISupportedInterfaceOrientations = UIInterfaceOrientationPortrait;
				INFOPLIST_KEY_UISupportedInterfaceOrientations_iPad = "UIInterfaceOrientationPortrait UIInterfaceOrientationPortraitUpsideDown UIInterfaceOrientationLandscapeLeft UIInterfaceOrientationLandscapeRight";
				INFOPLIST_KEY_UISupportedInterfaceOrientations_iPhone = UIInterfaceOrientationPortrait;
				LD_RUNPATH_SEARCH_PATHS = (
					"$(inherited)",
					"@executable_path/Frameworks",
				);
				MARKETING_VERSION = 4.15.0;
				PRODUCT_BUNDLE_IDENTIFIER = com.gucchii.yoteiflow;
				PRODUCT_NAME = "$(TARGET_NAME)";
				STRING_CATALOG_GENERATE_SYMBOLS = YES;
				SWIFT_APPROACHABLE_CONCURRENCY = YES;
				SWIFT_DEFAULT_ACTOR_ISOLATION = MainActor;
				SWIFT_EMIT_LOC_STRINGS = YES;
				SWIFT_UPCOMING_FEATURE_MEMBER_IMPORT_VISIBILITY = YES;
				SWIFT_VERSION = 5.0;
				TARGETED_DEVICE_FAMILY = "1,2";
			};
			name = Release;
		};
		4B52A2153061850000F8C8D5 /* Debug configuration for PBXNativeTarget "YoteiFlowWidget" */ = {
			isa = XCBuildConfiguration;
			buildSettings = {
				CODE_SIGN_ENTITLEMENTS = Config/YoteiFlowWidget.entitlements;
				CODE_SIGN_STYLE = Automatic;
				CURRENT_PROJECT_VERSION = 1;
				DEVELOPMENT_TEAM = 6AA3WFTR94;
				GENERATE_INFOPLIST_FILE = YES;
				INFOPLIST_FILE = "Config/YoteiFlowWidget-Info.plist";
				INFOPLIST_KEY_CFBundleDisplayName = YoteiFlow;
				INFOPLIST_KEY_NSHumanReadableCopyright = "";
				LD_RUNPATH_SEARCH_PATHS = (
					"$(inherited)",
					"@executable_path/Frameworks",
					"@executable_path/../../Frameworks",
				);
				MARKETING_VERSION = 4.15.0;
				PRODUCT_BUNDLE_IDENTIFIER = com.gucchii.yoteiflow.widget;
				PRODUCT_NAME = "$(TARGET_NAME)";
				SKIP_INSTALL = YES;
				SWIFT_EMIT_LOC_STRINGS = YES;
				SWIFT_VERSION = 5.0;
				TARGETED_DEVICE_FAMILY = "1,2";
			};
			name = Debug;
		};
		4B52A2163061850000F8C8D5 /* Release configuration for PBXNativeTarget "YoteiFlowWidget" */ = {
			isa = XCBuildConfiguration;
			buildSettings = {
				CODE_SIGN_ENTITLEMENTS = Config/YoteiFlowWidget.entitlements;
				CODE_SIGN_STYLE = Automatic;
				CURRENT_PROJECT_VERSION = 1;
				DEVELOPMENT_TEAM = 6AA3WFTR94;
				GENERATE_INFOPLIST_FILE = YES;
				INFOPLIST_FILE = "Config/YoteiFlowWidget-Info.plist";
				INFOPLIST_KEY_CFBundleDisplayName = YoteiFlow;
				INFOPLIST_KEY_NSHumanReadableCopyright = "";
				LD_RUNPATH_SEARCH_PATHS = (
					"$(inherited)",
					"@executable_path/Frameworks",
					"@executable_path/../../Frameworks",
				);
				MARKETING_VERSION = 4.15.0;
				PRODUCT_BUNDLE_IDENTIFIER = com.gucchii.yoteiflow.widget;
				PRODUCT_NAME = "$(TARGET_NAME)";
				SKIP_INSTALL = YES;
				SWIFT_EMIT_LOC_STRINGS = YES;
				SWIFT_VERSION = 5.0;
				TARGETED_DEVICE_FAMILY = "1,2";
			};
			name = Release;
		};
		4B52A22A3061860000F8C8D5 /* Debug configuration for PBXNativeTarget "YoteiFlowShare" */ = {
			isa = XCBuildConfiguration;
			buildSettings = {
				CODE_SIGN_ENTITLEMENTS = Config/YoteiFlowShare.entitlements;
				CODE_SIGN_STYLE = Automatic;
				CURRENT_PROJECT_VERSION = 1;
				DEVELOPMENT_TEAM = 6AA3WFTR94;
				GENERATE_INFOPLIST_FILE = YES;
				INFOPLIST_FILE = "Config/YoteiFlowShare-Info.plist";
				INFOPLIST_KEY_CFBundleDisplayName = YoteiFlow;
				INFOPLIST_KEY_NSHumanReadableCopyright = "";
				LD_RUNPATH_SEARCH_PATHS = (
					"$(inherited)",
					"@executable_path/Frameworks",
					"@executable_path/../../Frameworks",
				);
				MARKETING_VERSION = 4.15.0;
				PRODUCT_BUNDLE_IDENTIFIER = com.gucchii.yoteiflow.share;
				PRODUCT_NAME = "$(TARGET_NAME)";
				SKIP_INSTALL = YES;
				SWIFT_EMIT_LOC_STRINGS = YES;
				SWIFT_VERSION = 5.0;
				TARGETED_DEVICE_FAMILY = "1,2";
			};
			name = Debug;
		};
		4B52A22B3061860000F8C8D5 /* Release configuration for PBXNativeTarget "YoteiFlowShare" */ = {
			isa = XCBuildConfiguration;
			buildSettings = {
				CODE_SIGN_ENTITLEMENTS = Config/YoteiFlowShare.entitlements;
				CODE_SIGN_STYLE = Automatic;
				CURRENT_PROJECT_VERSION = 1;
				DEVELOPMENT_TEAM = 6AA3WFTR94;
				GENERATE_INFOPLIST_FILE = YES;
				INFOPLIST_FILE = "Config/YoteiFlowShare-Info.plist";
				INFOPLIST_KEY_CFBundleDisplayName = YoteiFlow;
				INFOPLIST_KEY_NSHumanReadableCopyright = "";
				LD_RUNPATH_SEARCH_PATHS = (
					"$(inherited)",
					"@executable_path/Frameworks",
					"@executable_path/../../Frameworks",
				);
				MARKETING_VERSION = 4.15.0;
				PRODUCT_BUNDLE_IDENTIFIER = com.gucchii.yoteiflow.share;
				PRODUCT_NAME = "$(TARGET_NAME)";
				SKIP_INSTALL = YES;
				SWIFT_EMIT_LOC_STRINGS = YES;
				SWIFT_VERSION = 5.0;
				TARGETED_DEVICE_FAMILY = "1,2";
			};
			name = Release;
		};
/* End XCBuildConfiguration section */

/* Begin XCConfigurationList section */
		4B52A4133061870000F8C8D5 /* Build configuration list for PBXNativeTarget "YoteiFlowIntents" */ = {
			isa = XCConfigurationList;
			buildConfigurations = (
				4B52A4113061870000F8C8D5 /* Debug configuration for PBXNativeTarget "YoteiFlowIntents" */,
				4B52A4123061870000F8C8D5 /* Release configuration for PBXNativeTarget "YoteiFlowIntents" */,
			);
			defaultConfigurationName = Release;
		};
		4B52A1EC3061842200F8C8D5 /* Build configuration list for PBXProject "YoteiFlow" */ = {
			isa = XCConfigurationList;
			buildConfigurations = (
				4B52A1FA3061842300F8C8D5 /* Debug configuration for PBXProject "YoteiFlow" */,
				4B52A1FB3061842300F8C8D5 /* Release configuration for PBXProject "YoteiFlow" */,
			);
			defaultConfigurationName = Release;
		};
		4B52A1FC3061842300F8C8D5 /* Build configuration list for PBXNativeTarget "YoteiFlow" */ = {
			isa = XCConfigurationList;
			buildConfigurations = (
				4B52A1FD3061842300F8C8D5 /* Debug configuration for PBXNativeTarget "YoteiFlow" */,
				4B52A1FE3061842300F8C8D5 /* Release configuration for PBXNativeTarget "YoteiFlow" */,
			);
			defaultConfigurationName = Release;
		};
		4B52A2093061850000F8C8D5 /* Build configuration list for PBXNativeTarget "YoteiFlowWidget" */ = {
			isa = XCConfigurationList;
			buildConfigurations = (
				4B52A2153061850000F8C8D5 /* Debug configuration for PBXNativeTarget "YoteiFlowWidget" */,
				4B52A2163061850000F8C8D5 /* Release configuration for PBXNativeTarget "YoteiFlowWidget" */,
			);
			defaultConfigurationName = Release;
		};
		4B52A2293061860000F8C8D5 /* Build configuration list for PBXNativeTarget "YoteiFlowShare" */ = {
			isa = XCConfigurationList;
			buildConfigurations = (
				4B52A22A3061860000F8C8D5 /* Debug configuration for PBXNativeTarget "YoteiFlowShare" */,
				4B52A22B3061860000F8C8D5 /* Release configuration for PBXNativeTarget "YoteiFlowShare" */,
			);
			defaultConfigurationName = Release;
		};
/* End XCConfigurationList section */
	};
	rootObject = 4B52A1E93061842200F8C8D5 /* Project object */;
	validationLevel = 1;
}
